
Microsoft Visual Studio Solution File, Format Version 12.00
# Visual Studio Version 17
VisualStudioVersion = 17.5.33103.201
MinimumVisualStudioVersion = 10.0.40219.1
Project("{9A19103F-16F7-4668-BE54-9A1E7A4F7556}") = "Day 1", "Day 1\Day 1.csproj", "{D0014D38-4C3B-4235-87E8-E8ADE0F2CF78}"
EndProject
Project("{6EC3EE1D-3C4E-46DD-8F32-0CC8E7565705}") = "Day 2", "Day 2\Day 2.fsproj", "{6B529286-F035-4291-BE0F-B635865A5815}"
EndProject
Project("{9A19103F-16F7-4668-BE54-9A1E7A4F7556}") = "Day 3", "Day 3\Day 3.csproj", "{A3BC5DC4-AA3D-4EF2-8E71-522CE98F7412}"
EndProject
Project("{6EC3EE1D-3C4E-46DD-8F32-0CC8E7565705}") = "Day 4", "Day 4\Day 4.fsproj", "{6875DC3B-9313-47FB-B039-9D0AFB2C27F4}"
EndProject
Project("{8BC9CEB8-8B4A-11D0-8D11-00A0C91BC942}") = "Day 5", "Day 5\Day 5.vcxproj", "{31C44528-7887-4621-A711-8E691E4B38FD}"
EndProject
Project("{8BC9CEB8-8B4A-11D0-8D11-00A0C91BC942}") = "Day 6", "Day 6\Day 6.vcxproj", "{B36BBDF5-120A-404F-B606-5766905535BC}"
EndProject
Project("{9A19103F-16F7-4668-BE54-9A1E7A4F7556}") = "Day 7", "Day 7\Day 7.csproj", "{E98DCCB9-9B07-46A4-80B5-3AAD94DDCD52}"
EndProject
Project("{6EC3EE1D-3C4E-46DD-8F32-0CC8E7565705}") = "Day 8", "Day 8\Day 8.fsproj", "{86565D89-F560-481B-B8EC-2207CFDACA92}"
EndProject
Project("{6EC3EE1D-3C4E-46DD-8F32-0CC8E7565705}") = "Day 9", "Day 9\Day 9.fsproj", "{D99BD26C-160B-486D-98DB-E119A230BDDF}"
EndProject
Project("{9A19103F-16F7-4668-BE54-9A1E7A4F7556}") = "Day 10", "Day 10\Day 10.csproj", "{42907C51-B901-4FDB-93EA-AD917237DE41}"
EndProject
Project("{9A19103F-16F7-4668-BE54-9A1E7A4F7556}") = "Day 11", "Day 11\Day 11.csproj", "{2F33D535-DC6C-4DD9-AB9C-44117CB3C7EA}"
EndProject
Project("{9A19103F-16F7-4668-BE54-9A1E7A4F7556}") = "Day 12", "Day 12\Day 12.csproj", "{A84868A7-1034-4473-A087-E123FA16BE62}"
EndProject
Project("{6EC3EE1D-3C4E-46DD-8F32-0CC8E7565705}") = "Day 13", "Day 13\Day 13.fsproj", "{8E7ADD1F-2D89-4B45-828D-718D17AF063B}"
EndProject
Project("{F2A71F9B-5D33-465A-A702-920D77279786}") = "Day 14", "Day 14\Day 14.fsproj", "{054FF497-161B-4F6E-8B82-4148B3C79C37}"
EndProject
Global
	GlobalSection(SolutionConfigurationPlatforms) = preSolution
		Debug|Any CPU = Debug|Any CPU
		Debug|x64 = Debug|x64
		Debug|x86 = Debug|x86
		Release|Any CPU = Release|Any CPU
		Release|x64 = Release|x64
		Release|x86 = Release|x86
	EndGlobalSection
	GlobalSection(ProjectConfigurationPlatforms) = postSolution
		{D0014D38-4C3B-4235-87E8-E8ADE0F2CF78}.Debug|Any CPU.ActiveCfg = Debug|Any CPU
		{D0014D38-4C3B-4235-87E8-E8ADE0F2CF78}.Debug|Any CPU.Build.0 = Debug|Any CPU
		{D0014D38-4C3B-4235-87E8-E8ADE0F2CF78}.Debug|x64.ActiveCfg = Debug|Any CPU
		{D0014D38-4C3B-4235-87E8-E8ADE0F2CF78}.Debug|x64.Build.0 = Debug|Any CPU
		{D0014D38-4C3B-4235-87E8-E8ADE0F2CF78}.Debug|x86.ActiveCfg = Debug|Any CPU
		{D0014D38-4C3B-4235-87E8-E8ADE0F2CF78}.Debug|x86.Build.0 = Debug|Any CPU
		{D0014D38-4C3B-4235-87E8-E8ADE0F2CF78}.Release|Any CPU.ActiveCfg = Release|Any CPU
		{D0014D38-4C3B-4235-87E8-E8ADE0F2CF78}.Release|Any CPU.Build.0 = Release|Any CPU
		{D0014D38-4C3B-4235-87E8-E8ADE0F2CF78}.Release|x64.ActiveCfg = Release|Any CPU
		{D0014D38-4C3B-4235-87E8-E8ADE0F2CF78}.Release|x64.Build.0 = Release|Any CPU
		{D0014D38-4C3B-4235-87E8-E8ADE0F2CF78}.Release|x86.ActiveCfg = Release|Any CPU
		{D0014D38-4C3B-4235-87E8-E8ADE0F2CF78}.Release|x86.Build.0 = Release|Any CPU
		{6B529286-F035-4291-BE0F-B635865A5815}.Debug|Any CPU.ActiveCfg = Debug|Any CPU
		{6B529286-F035-4291-BE0F-B635865A5815}.Debug|Any CPU.Build.0 = Debug|Any CPU
		{6B529286-F035-4291-BE0F-B635865A5815}.Debug|x64.ActiveCfg = Debug|Any CPU
		{6B529286-F035-4291-BE0F-B635865A5815}.Debug|x64.Build.0 = Debug|Any CPU
		{6B529286-F035-4291-BE0F-B635865A5815}.Debug|x86.ActiveCfg = Debug|Any CPU
		{6B529286-F035-4291-BE0F-B635865A5815}.Debug|x86.Build.0 = Debug|Any CPU
		{6B529286-F035-4291-BE0F-B635865A5815}.Release|Any CPU.ActiveCfg = Release|Any CPU
		{6B529286-F035-4291-BE0F-B635865A5815}.Release|Any CPU.Build.0 = Release|Any CPU
		{6B529286-F035-4291-BE0F-B635865A5815}.Release|x64.ActiveCfg = Release|Any CPU
		{6B529286-F035-4291-BE0F-B635865A5815}.Release|x64.Build.0 = Release|Any CPU
		{6B529286-F035-4291-BE0F-B635865A5815}.Release|x86.ActiveCfg = Release|Any CPU
		{6B529286-F035-4291-BE0F-B635865A5815}.Release|x86.Build.0 = Release|Any CPU
		{A3BC5DC4-AA3D-4EF2-8E71-522CE98F7412}.Debug|Any CPU.ActiveCfg = Debug|Any CPU
		{A3BC5DC4-AA3D-4EF2-8E71-522CE98F7412}.Debug|Any CPU.Build.0 = Debug|Any CPU
		{A3BC5DC4-AA3D-4EF2-8E71-522CE98F7412}.Debug|x64.ActiveCfg = Debug|Any CPU
		{A3BC5DC4-AA3D-4EF2-8E71-522CE98F7412}.Debug|x64.Build.0 = Debug|Any CPU
		{A3BC5DC4-AA3D-4EF2-8E71-522CE98F7412}.Debug|x86.ActiveCfg = Debug|Any CPU
		{A3BC5DC4-AA3D-4EF2-8E71-522CE98F7412}.Debug|x86.Build.0 = Debug|Any CPU
		{A3BC5DC4-AA3D-4EF2-8E71-522CE98F7412}.Release|Any CPU.ActiveCfg = Release|Any CPU
		{A3BC5DC4-AA3D-4EF2-8E71-522CE98F7412}.Release|Any CPU.Build.0 = Release|Any CPU
		{A3BC5DC4-AA3D-4EF2-8E71-522CE98F7412}.Release|x64.ActiveCfg = Release|Any CPU
		{A3BC5DC4-AA3D-4EF2-8E71-522CE98F7412}.Release|x64.Build.0 = Release|Any CPU
		{A3BC5DC4-AA3D-4EF2-8E71-522CE98F7412}.Release|x86.ActiveCfg = Release|Any CPU
		{A3BC5DC4-AA3D-4EF2-8E71-522CE98F7412}.Release|x86.Build.0 = Release|Any CPU
		{6875DC3B-9313-47FB-B039-9D0AFB2C27F4}.Debug|Any CPU.ActiveCfg = Debug|Any CPU
		{6875DC3B-9313-47FB-B039-9D0AFB2C27F4}.Debug|Any CPU.Build.0 = Debug|Any CPU
		{6875DC3B-9313-47FB-B039-9D0AFB2C27F4}.Debug|x64.ActiveCfg = Debug|Any CPU
		{6875DC3B-9313-47FB-B039-9D0AFB2C27F4}.Debug|x64.Build.0 = Debug|Any CPU
		{6875DC3B-9313-47FB-B039-9D0AFB2C27F4}.Debug|x86.ActiveCfg = Debug|Any CPU
		{6875DC3B-9313-47FB-B039-9D0AFB2C27F4}.Debug|x86.Build.0 = Debug|Any CPU
		{6875DC3B-9313-47FB-B039-9D0AFB2C27F4}.Release|Any CPU.ActiveCfg = Release|Any CPU
		{6875DC3B-9313-47FB-B039-9D0AFB2C27F4}.Release|Any CPU.Build.0 = Release|Any CPU
		{6875DC3B-9313-47FB-B039-9D0AFB2C27F4}.Release|x64.ActiveCfg = Release|Any CPU
		{6875DC3B-9313-47FB-B039-9D0AFB2C27F4}.Release|x64.Build.0 = Release|Any CPU
		{6875DC3B-9313-47FB-B039-9D0AFB2C27F4}.Release|x86.ActiveCfg = Release|Any CPU
		{6875DC3B-9313-47FB-B039-9D0AFB2C27F4}.Release|x86.Build.0 = Release|Any CPU
		{31C44528-7887-4621-A711-8E691E4B38FD}.Debug|Any CPU.ActiveCfg = Debug|x64
		{31C44528-7887-4621-A711-8E691E4B38FD}.Debug|Any CPU.Build.0 = Debug|x64
		{31C44528-7887-4621-A711-8E691E4B38FD}.Debug|x64.ActiveCfg = Debug|x64
		{31C44528-7887-4621-A711-8E691E4B38FD}.Debug|x64.Build.0 = Debug|x64
		{31C44528-7887-4621-A711-8E691E4B38FD}.Debug|x86.ActiveCfg = Debug|Win32
		{31C44528-7887-4621-A711-8E691E4B38FD}.Debug|x86.Build.0 = Debug|Win32
		{31C44528-7887-4621-A711-8E691E4B38FD}.Release|Any CPU.ActiveCfg = Release|x64
		{31C44528-7887-4621-A711-8E691E4B38FD}.Release|Any CPU.Build.0 = Release|x64
		{31C44528-7887-4621-A711-8E691E4B38FD}.Release|x64.ActiveCfg = Release|x64
		{31C44528-7887-4621-A711-8E691E4B38FD}.Release|x64.Build.0 = Release|x64
		{31C44528-7887-4621-A711-8E691E4B38FD}.Release|x86.ActiveCfg = Release|Win32
		{31C44528-7887-4621-A711-8E691E4B38FD}.Release|x86.Build.0 = Release|Win32
		{B36BBDF5-120A-404F-B606-5766905535BC}.Debug|Any CPU.ActiveCfg = Debug|x64
		{B36BBDF5-120A-404F-B606-5766905535BC}.Debug|Any CPU.Build.0 = Debug|x64
		{B36BBDF5-120A-404F-B606-5766905535BC}.Debug|x64.ActiveCfg = Debug|x64
		{B36BBDF5-120A-404F-B606-5766905535BC}.Debug|x64.Build.0 = Debug|x64
		{B36BBDF5-120A-404F-B606-5766905535BC}.Debug|x86.ActiveCfg = Debug|Win32
		{B36BBDF5-120A-404F-B606-5766905535BC}.Debug|x86.Build.0 = Debug|Win32
		{B36BBDF5-120A-404F-B606-5766905535BC}.Release|Any CPU.ActiveCfg = Release|x64
		{B36BBDF5-120A-404F-B606-5766905535BC}.Release|Any CPU.Build.0 = Release|x64
		{B36BBDF5-120A-404F-B606-5766905535BC}.Release|x64.ActiveCfg = Release|x64
		{B36BBDF5-120A-404F-B606-5766905535BC}.Release|x64.Build.0 = Release|x64
		{B36BBDF5-120A-404F-B606-5766905535BC}.Release|x86.ActiveCfg = Release|Win32
		{B36BBDF5-120A-404F-B606-5766905535BC}.Release|x86.Build.0 = Release|Win32
		{E98DCCB9-9B07-46A4-80B5-3AAD94DDCD52}.Debug|Any CPU.ActiveCfg = Debug|Any CPU
		{E98DCCB9-9B07-46A4-80B5-3AAD94DDCD52}.Debug|Any CPU.Build.0 = Debug|Any CPU
		{E98DCCB9-9B07-46A4-80B5-3AAD94DDCD52}.Debug|x64.ActiveCfg = Debug|Any CPU
		{E98DCCB9-9B07-46A4-80B5-3AAD94DDCD52}.Debug|x64.Build.0 = Debug|Any CPU
		{E98DCCB9-9B07-46A4-80B5-3AAD94DDCD52}.Debug|x86.ActiveCfg = Debug|Any CPU
		{E98DCCB9-9B07-46A4-80B5-3AAD94DDCD52}.Debug|x86.Build.0 = Debug|Any CPU
		{E98DCCB9-9B07-46A4-80B5-3AAD94DDCD52}.Release|Any CPU.ActiveCfg = Release|Any CPU
		{E98DCCB9-9B07-46A4-80B5-3AAD94DDCD52}.Release|Any CPU.Build.0 = Release|Any CPU
		{E98DCCB9-9B07-46A4-80B5-3AAD94DDCD52}.Release|x64.ActiveCfg = Release|Any CPU
		{E98DCCB9-9B07-46A4-80B5-3AAD94DDCD52}.Release|x64.Build.0 = Release|Any CPU
		{E98DCCB9-9B07-46A4-80B5-3AAD94DDCD52}.Release|x86.ActiveCfg = Release|Any CPU
		{E98DCCB9-9B07-46A4-80B5-3AAD94DDCD52}.Release|x86.Build.0 = Release|Any CPU
		{86565D89-F560-481B-B8EC-2207CFDACA92}.Debug|Any CPU.ActiveCfg = Debug|Any CPU
		{86565D89-F560-481B-B8EC-2207CFDACA92}.Debug|Any CPU.Build.0 = Debug|Any CPU
		{86565D89-F560-481B-B8EC-2207CFDACA92}.Debug|x64.ActiveCfg = Debug|Any CPU
		{86565D89-F560-481B-B8EC-2207CFDACA92}.Debug|x64.Build.0 = Debug|Any CPU
		{86565D89-F560-481B-B8EC-2207CFDACA92}.Debug|x86.ActiveCfg = Debug|Any CPU
		{86565D89-F560-481B-B8EC-2207CFDACA92}.Debug|x86.Build.0 = Debug|Any CPU
		{86565D89-F560-481B-B8EC-2207CFDACA92}.Release|Any CPU.ActiveCfg = Release|Any CPU
		{86565D89-F560-481B-B8EC-2207CFDACA92}.Release|Any CPU.Build.0 = Release|Any CPU
		{86565D89-F560-481B-B8EC-2207CFDACA92}.Release|x64.ActiveCfg = Release|Any CPU
		{86565D89-F560-481B-B8EC-2207CFDACA92}.Release|x64.Build.0 = Release|Any CPU
		{86565D89-F560-481B-B8EC-2207CFDACA92}.Release|x86.ActiveCfg = Release|Any CPU
		{86565D89-F560-481B-B8EC-2207CFDACA92}.Release|x86.Build.0 = Release|Any CPU
		{D99BD26C-160B-486D-98DB-E119A230BDDF}.Debug|Any CPU.ActiveCfg = Debug|Any CPU
		{D99BD26C-160B-486D-98DB-E119A230BDDF}.Debug|Any CPU.Build.0 = Debug|Any CPU
		{D99BD26C-160B-486D-98DB-E119A230BDDF}.Debug|x64.ActiveCfg = Debug|Any CPU
		{D99BD26C-160B-486D-98DB-E119A230BDDF}.Debug|x64.Build.0 = Debug|Any CPU
		{D99BD26C-160B-486D-98DB-E119A230BDDF}.Debug|x86.ActiveCfg = Debug|Any CPU
		{D99BD26C-160B-486D-98DB-E119A230BDDF}.Debug|x86.Build.0 = Debug|Any CPU
		{D99BD26C-160B-486D-98DB-E119A230BDDF}.Release|Any CPU.ActiveCfg = Release|Any CPU
		{D99BD26C-160B-486D-98DB-E119A230BDDF}.Release|Any CPU.Build.0 = Release|Any CPU
		{D99BD26C-160B-486D-98DB-E119A230BDDF}.Release|x64.ActiveCfg = Release|Any CPU
		{D99BD26C-160B-486D-98DB-E119A230BDDF}.Release|x64.Build.0 = Release|Any CPU
		{D99BD26C-160B-486D-98DB-E119A230BDDF}.Release|x86.ActiveCfg = Release|Any CPU
		{D99BD26C-160B-486D-98DB-E119A230BDDF}.Release|x86.Build.0 = Release|Any CPU
		{42907C51-B901-4FDB-93EA-AD917237DE41}.Debug|Any CPU.ActiveCfg = Debug|Any CPU
		{42907C51-B901-4FDB-93EA-AD917237DE41}.Debug|Any CPU.Build.0 = Debug|Any CPU
		{42907C51-B901-4FDB-93EA-AD917237DE41}.Debug|x64.ActiveCfg = Debug|Any CPU
		{42907C51-B901-4FDB-93EA-AD917237DE41}.Debug|x64.Build.0 = Debug|Any CPU
		{42907C51-B901-4FDB-93EA-AD917237DE41}.Debug|x86.ActiveCfg = Debug|Any CPU
		{42907C51-B901-4FDB-93EA-AD917237DE41}.Debug|x86.Build.0 = Debug|Any CPU
		{42907C51-B901-4FDB-93EA-AD917237DE41}.Release|Any CPU.ActiveCfg = Release|Any CPU
		{42907C51-B901-4FDB-93EA-AD917237DE41}.Release|Any CPU.Build.0 = Release|Any CPU
		{42907C51-B901-4FDB-93EA-AD917237DE41}.Release|x64.ActiveCfg = Release|Any CPU
		{42907C51-B901-4FDB-93EA-AD917237DE41}.Release|x64.Build.0 = Release|Any CPU
		{42907C51-B901-4FDB-93EA-AD917237DE41}.Release|x86.ActiveCfg = Release|Any CPU
		{42907C51-B901-4FDB-93EA-AD917237DE41}.Release|x86.Build.0 = Release|Any CPU
		{2F33D535-DC6C-4DD9-AB9C-44117CB3C7EA}.Debug|Any CPU.ActiveCfg = Debug|Any CPU
		{2F33D535-DC6C-4DD9-AB9C-44117CB3C7EA}.Debug|Any CPU.Build.0 = Debug|Any CPU
		{2F33D535-DC6C-4DD9-AB9C-44117CB3C7EA}.Debug|x64.ActiveCfg = Debug|Any CPU
		{2F33D535-DC6C-4DD9-AB9C-44117CB3C7EA}.Debug|x64.Build.0 = Debug|Any CPU
		{2F33D535-DC6C-4DD9-AB9C-44117CB3C7EA}.Debug|x86.ActiveCfg = Debug|Any CPU
		{2F33D535-DC6C-4DD9-AB9C-44117CB3C7EA}.Debug|x86.Build.0 = Debug|Any CPU
		{2F33D535-DC6C-4DD9-AB9C-44117CB3C7EA}.Release|Any CPU.ActiveCfg = Release|Any CPU
		{2F33D535-DC6C-4DD9-AB9C-44117CB3C7EA}.Release|Any CPU.Build.0 = Release|Any CPU
		{2F33D535-DC6C-4DD9-AB9C-44117CB3C7EA}.Release|x64.ActiveCfg = Release|Any CPU
		{2F33D535-DC6C-4DD9-AB9C-44117CB3C7EA}.Release|x64.Build.0 = Release|Any CPU
		{2F33D535-DC6C-4DD9-AB9C-44117CB3C7EA}.Release|x86.ActiveCfg = Release|Any CPU
		{2F33D535-DC6C-4DD9-AB9C-44117CB3C7EA}.Release|x86.Build.0 = Release|Any CPU
		{A84868A7-1034-4473-A087-E123FA16BE62}.Debug|Any CPU.ActiveCfg = Debug|Any CPU
		{A84868A7-1034-4473-A087-E123FA16BE62}.Debug|Any CPU.Build.0 = Debug|Any CPU
		{A84868A7-1034-4473-A087-E123FA16BE62}.Debug|x64.ActiveCfg = Debug|Any CPU
		{A84868A7-1034-4473-A087-E123FA16BE62}.Debug|x64.Build.0 = Debug|Any CPU
		{A84868A7-1034-4473-A087-E123FA16BE62}.Debug|x86.ActiveCfg = Debug|Any CPU
		{A84868A7-1034-4473-A087-E123FA16BE62}.Debug|x86.Build.0 = Debug|Any CPU
		{A84868A7-1034-4473-A087-E123FA16BE62}.Release|Any CPU.ActiveCfg = Release|Any CPU
		{A84868A7-1034-4473-A087-E123FA16BE62}.Release|Any CPU.Build.0 = Release|Any CPU
		{A84868A7-1034-4473-A087-E123FA16BE62}.Release|x64.ActiveCfg = Release|Any CPU
		{A84868A7-1034-4473-A087-E123FA16BE62}.Release|x64.Build.0 = Release|Any CPU
		{A84868A7-1034-4473-A087-E123FA16BE62}.Release|x86.ActiveCfg = Release|Any CPU
		{A84868A7-1034-4473-A087-E123FA16BE62}.Release|x86.Build.0 = Release|Any CPU
		{8E7ADD1F-2D89-4B45-828D-718D17AF063B}.Debug|Any CPU.ActiveCfg = Debug|Any CPU
		{8E7ADD1F-2D89-4B45-828D-718D17AF063B}.Debug|Any CPU.Build.0 = Debug|Any CPU
		{8E7ADD1F-2D89-4B45-828D-718D17AF063B}.Debug|x64.ActiveCfg = Debug|Any CPU
		{8E7ADD1F-2D89-4B45-828D-718D17AF063B}.Debug|x64.Build.0 = Debug|Any CPU
		{8E7ADD1F-2D89-4B45-828D-718D17AF063B}.Debug|x86.ActiveCfg = Debug|Any CPU
		{8E7ADD1F-2D89-4B45-828D-718D17AF063B}.Debug|x86.Build.0 = Debug|Any CPU
		{8E7ADD1F-2D89-4B45-828D-718D17AF063B}.Release|Any CPU.ActiveCfg = Release|Any CPU
		{8E7ADD1F-2D89-4B45-828D-718D17AF063B}.Release|Any CPU.Build.0 = Release|Any CPU
		{8E7ADD1F-2D89-4B45-828D-718D17AF063B}.Release|x64.ActiveCfg = Release|Any CPU
		{8E7ADD1F-2D89-4B45-828D-718D17AF063B}.Release|x64.Build.0 = Release|Any CPU
		{8E7ADD1F-2D89-4B45-828D-718D17AF063B}.Release|x86.ActiveCfg = Release|Any CPU
		{8E7ADD1F-2D89-4B45-828D-718D17AF063B}.Release|x86.Build.0 = Release|Any CPU
		{054FF497-161B-4F6E-8B82-4148B3C79C37}.Debug|Any CPU.ActiveCfg = Debug|Any CPU
		{054FF497-161B-4F6E-8B82-4148B3C79C37}.Debug|Any CPU.Build.0 = Debug|Any CPU
		{054FF497-161B-4F6E-8B82-4148B3C79C37}.Debug|x64.ActiveCfg = Debug|Any CPU
		{054FF497-161B-4F6E-8B82-4148B3C79C37}.Debug|x64.Build.0 = Debug|Any CPU
		{054FF497-161B-4F6E-8B82-4148B3C79C37}.Debug|x86.ActiveCfg = Debug|Any CPU
		{054FF497-161B-4F6E-8B82-4148B3C79C37}.Debug|x86.Build.0 = Debug|Any CPU
		{054FF497-161B-4F6E-8B82-4148B3C79C37}.Release|Any CPU.ActiveCfg = Release|Any CPU
		{054FF497-161B-4F6E-8B82-4148B3C79C37}.Release|Any CPU.Build.0 = Release|Any CPU
		{054FF497-161B-4F6E-8B82-4148B3C79C37}.Release|x64.ActiveCfg = Release|Any CPU
		{054FF497-161B-4F6E-8B82-4148B3C79C37}.Release|x64.Build.0 = Release|Any CPU
		{054FF497-161B-4F6E-8B82-4148B3C79C37}.Release|x86.ActiveCfg = Release|Any CPU
		{054FF497-161B-4F6E-8B82-4148B3C79C37}.Release|x86.Build.0 = Release|Any CPU
	EndGlobalSection
	GlobalSection(SolutionProperties) = preSolution
		HideSolutionNode = FALSE
	EndGlobalSection
	GlobalSection(ExtensibilityGlobals) = postSolution
		SolutionGuid = {141EEF5A-30B0-430C-83F9-A2F1F7D320AD}
	EndGlobalSection
EndGlobal
